{
  "requires": true,
  "lockfileVersion": 1,
  "dependencies": {
    "@types/bluebird": {
      "version": "3.5.25",
      "resolved": "https://registry.npmjs.org/@types/bluebird/-/bluebird-3.5.25.tgz",
      "integrity": "sha512-yfhIBix+AIFTmYGtkC0Bi+XGjSkOINykqKvO/Wqdz/DuXlAKK7HmhLAXdPIGsV4xzKcL3ev/zYc4yLNo+OvGaw=="
    },
    "@types/continuation-local-storage": {
      "version": "3.2.1",
      "resolved": "https://registry.npmjs.org/@types/continuation-local-storage/-/continuation-local-storage-3.2.1.tgz",
      "integrity": "sha1-oz4N+dzptCTRyY/E/evYV43O7H4=",
      "requires": {
        "@types/node": "*"
      }
    },
    "@types/lodash": {
      "version": "4.14.120",
      "resolved": "https://registry.npmjs.org/@types/lodash/-/lodash-4.14.120.tgz",
      "integrity": "sha512-jQ21kQ120mo+IrDs1nFNVm/AsdFxIx2+vZ347DbogHJPd/JzKNMOqU6HCYin1W6v8l5R9XSO2/e9cxmn7HAnVw=="
    },
    "@types/node": {
      "version": "10.12.21",
      "resolved": "https://registry.npmjs.org/@types/node/-/node-10.12.21.tgz",
      "integrity": "sha512-CBgLNk4o3XMnqMc0rhb6lc77IwShMEglz05deDcn2lQxyXEZivfwgYJu7SMha9V5XcrP6qZuevTHV/QrN2vjKQ=="
    },
    "@types/sequelize": {
      "version": "4.27.34",
      "resolved": "https://registry.npmjs.org/@types/sequelize/-/sequelize-4.27.34.tgz",
      "integrity": "sha512-s2NjoIbZewDn64SrZlHZWqJcotK/Ae9m9nh0jcV/5r3ufcHWguLfEr+165Un9eZtRZszY5vDDNzy4jWc5gptDQ==",
      "requires": {
        "@types/bluebird": "*",
        "@types/continuation-local-storage": "*",
        "@types/lodash": "*",
        "@types/validator": "*"
      }
    },
    "@types/validator": {
      "version": "10.9.0",
      "resolved": "https://registry.npmjs.org/@types/validator/-/validator-10.9.0.tgz",
      "integrity": "sha512-mf0VpXk+NoTmkUmuJCsdwBYxjYZW41amCSzd4t/fABMKl+qGMViwFP0pR7ukFdZRXWI1LIkca3VIbXVBmWZ4kQ=="
    }
  }
}
